
Microsoft Visual Studio Solution File, Format Version 12.00
# Visual Studio 15
VisualStudioVersion = 15.0.28307.329
MinimumVisualStudioVersion = 10.0.40219.1
Project("{FAE04EC0-301F-11D3-BF4B-00C04F79EFBC}") = "Assignment4", "Assignment4\Assignment4.csproj", "{9D652FE1-A496-4C1C-9E8D-38B602AB1089}"
EndProject
Project("{FAE04EC0-301F-11D3-BF4B-00C04F79EFBC}") = "UnitTestAssignment4", "UnitTestAssignment4\UnitTestAssignment4.csproj", "{F1EEA37D-4EF0-4DF7-937F-8AE63859F1E3}"
EndProject
Global
	GlobalSection(SolutionConfigurationPlatforms) = preSolution
		Debug|Any CPU = Debug|Any CPU
		Release|Any CPU = Release|Any CPU
	EndGlobalSection
	GlobalSection(ProjectConfigurationPlatforms) = postSolution
		{9D652FE1-A496-4C1C-9E8D-38B602AB1089}.Debug|Any CPU.ActiveCfg = Debug|Any CPU
		{9D652FE1-A496-4C1C-9E8D-38B602AB1089}.Debug|Any CPU.Build.0 = Debug|Any CPU
		{9D652FE1-A496-4C1C-9E8D-38B602AB1089}.Release|Any CPU.ActiveCfg = Release|Any CPU
		{9D652FE1-A496-4C1C-9E8D-38B602AB1089}.Release|Any CPU.Build.0 = Release|Any CPU
		{F1EEA37D-4EF0-4DF7-937F-8AE63859F1E3}.Debug|Any CPU.ActiveCfg = Debug|Any CPU
		{F1EEA37D-4EF0-4DF7-937F-8AE63859F1E3}.Debug|Any CPU.Build.0 = Debug|Any CPU
		{F1EEA37D-4EF0-4DF7-937F-8AE63859F1E3}.Release|Any CPU.ActiveCfg = Release|Any CPU
		{F1EEA37D-4EF0-4DF7-937F-8AE63859F1E3}.Release|Any CPU.Build.0 = Release|Any CPU
	EndGlobalSection
	GlobalSection(SolutionProperties) = preSolution
		HideSolutionNode = FALSE
	EndGlobalSection
	GlobalSection(ExtensibilityGlobals) = postSolution
		SolutionGuid = {1B58629C-8720-4E80-BF23-6E0C45F74A66}
	EndGlobalSection
EndGlobal
