
Microsoft Visual Studio Solution File, Format Version 12.00
# Visual Studio 15
VisualStudioVersion = 15.0.28307.329
MinimumVisualStudioVersion = 10.0.40219.1
Project("{FAE04EC0-301F-11D3-BF4B-00C04F79EFBC}") = "LAB8", "LAB8\LAB8.csproj", "{FDD5E682-5C0B-4B32-BBDD-B0A7D8826B3B}"
EndProject
Global
	GlobalSection(SolutionConfigurationPlatforms) = preSolution
		Debug|Any CPU = Debug|Any CPU
		Release|Any CPU = Release|Any CPU
	EndGlobalSection
	GlobalSection(ProjectConfigurationPlatforms) = postSolution
		{FDD5E682-5C0B-4B32-BBDD-B0A7D8826B3B}.Debug|Any CPU.ActiveCfg = Debug|Any CPU
		{FDD5E682-5C0B-4B32-BBDD-B0A7D8826B3B}.Debug|Any CPU.Build.0 = Debug|Any CPU
		{FDD5E682-5C0B-4B32-BBDD-B0A7D8826B3B}.Release|Any CPU.ActiveCfg = Release|Any CPU
		{FDD5E682-5C0B-4B32-BBDD-B0A7D8826B3B}.Release|Any CPU.Build.0 = Release|Any CPU
	EndGlobalSection
	GlobalSection(SolutionProperties) = preSolution
		HideSolutionNode = FALSE
	EndGlobalSection
	GlobalSection(ExtensibilityGlobals) = postSolution
		SolutionGuid = {D45EA0C0-1C90-42C3-9DA3-BBE3A50314DB}
	EndGlobalSection
EndGlobal
